
Microsoft Visual Studio Solution File, Format Version 12.00
# Visual Studio 14
VisualStudioVersion = 14.0.25420.1
MinimumVisualStudioVersion = 10.0.40219.1
Project("{FAE04EC0-301F-11D3-BF4B-00C04F79EFBC}") = "Examen2Beta1.1", "Examen2Beta1.1\Examen2Beta1.1.csproj", "{B36171ED-E83A-4CD7-89E0-07D3251E9703}"
EndProject
Global
	GlobalSection(SolutionConfigurationPlatforms) = preSolution
		Debug|Any CPU = Debug|Any CPU
		Release|Any CPU = Release|Any CPU
	EndGlobalSection
	GlobalSection(ProjectConfigurationPlatforms) = postSolution
		{B36171ED-E83A-4CD7-89E0-07D3251E9703}.Debug|Any CPU.ActiveCfg = Debug|Any CPU
		{B36171ED-E83A-4CD7-89E0-07D3251E9703}.Debug|Any CPU.Build.0 = Debug|Any CPU
		{B36171ED-E83A-4CD7-89E0-07D3251E9703}.Release|Any CPU.ActiveCfg = Release|Any CPU
		{B36171ED-E83A-4CD7-89E0-07D3251E9703}.Release|Any CPU.Build.0 = Release|Any CPU
	EndGlobalSection
	GlobalSection(SolutionProperties) = preSolution
		HideSolutionNode = FALSE
	EndGlobalSection
EndGlobal
